hash: e3b0c44298fc1c149afbf4c8996fb92427ae41e4649b934ca495991b7852b855
updated: 2015-12-15T09:41:10.272411313-05:00
imports:
- name: github.com/bryanl/doit-server
  version: 6fb91d751dc13dc5122708d487ce3367e785fedd
- name: github.com/bryanl/webbrowser
  version: bbcbcd4a8c93c9dfaa3d974e5404e1d5f4ada91a
- name: github.com/BurntSushi/toml
  version: 056c9bc7be7190eaa7715723883caffa5f8fa3e4
- name: github.com/digitalocean/godo
  version: 2688c11a02dc3deac65645c82c3c812f95e417bf
- name: github.com/fatih/color
  version: 9aae6aaa22315390f03959adca2c4d395b02fcef
- name: github.com/google/go-querystring
  version: 2a60fc2ba6c19de80291203597d752e9ba58e4c0
- name: github.com/kr/pretty
  version: e6ac2fc51e89a3249e82157fa0bb7a18ef9dd5bb
- name: github.com/kr/text
  version: bb797dc4fb8320488f47bf11de07a733d7233e1f
- name: github.com/magiconair/properties
  version: 84ea5e93a95c5e0115f3a4f3e141448584f48f37
- name: github.com/mitchellh/ioprogress
  version: 8163955264568045f462ae7e2d6d07b2001fc997
- name: github.com/mitchellh/mapstructure
  version: 281073eb9eb092240d33ef253c404f1cca550309
- name: github.com/satori/go.uuid
  version: d41af8bb6a7704f00bc3b7cba9355ae6a5a80048
- name: github.com/spf13/afero
  version: 9d44c3003b295701ee0989a37d51d15271f7a6a1
- name: github.com/spf13/cast
  version: ee815aaf958c707ad07547cd62150d973710f747
- name: github.com/spf13/cobra
  version: ee6224d01f6a83f543ae90f881b703cf195782ba
- name: github.com/spf13/jwalterweatherman
  version: c2aa07df593850a04644d77bb757d002e517a296
- name: github.com/spf13/pflag
  version: 08b1a584251b5b62f458943640fc8ebd4d50aaa5
- name: github.com/spf13/viper
  version: 90b31f671fffe7d5076beaa832a778ea9ba007f3
- name: github.com/stretchr/testify
  version: e3a8ff8ce36581f87a15341206f205b1da467059
  subpackages:
  - /assert
- name: github.com/tent/http-link-go
  version: ac974c61c2f990f4115b119354b5e0b47550e888
- name: golang.org/x/crypto
  version: 7b85b097bf7527677d54d3220065e966a0e3b613
- name: golang.org/x/net
  version: 47990a1ba55743e6ef1affd3a14e5bac8553615d
- name: golang.org/x/oauth2
  version: ef4eca6b097fad7cec79afcc278d213a6de1c960
- name: gopkg.in/yaml.v2
  version: f7716cbe52baa25d2e9b0d0da546fcf909fc16b4
devImports: []
