hash: e3b0c44298fc1c149afbf4c8996fb92427ae41e4649b934ca495991b7852b855
updated: 2015-12-13T10:26:40.725237545-05:00
imports:
- name: github.com/armon/consul-api
  version: dcfedd50ed5334f96adee43fc88518a4f095e15c
- name: github.com/BurntSushi/toml
  version: 056c9bc7be7190eaa7715723883caffa5f8fa3e4
- name: github.com/coreos/go-etcd
  version: 003851be7bb0694fe3cc457a49529a19388ee7cf
- name: github.com/digitalocean/godo
  version: ddf63a4cb0a993f761978611b715de79ecd947f8
- name: github.com/golang/glog
  version: fca8c8854093a154ff1eb580aae10276ad6b1b5f
  repo: https://github.com/golang/glog
- name: github.com/golang/protobuf
  version: 68415e7123da32b07eab49c96d2c4d6158360e9b
- name: github.com/google/go-querystring
  version: 2a60fc2ba6c19de80291203597d752e9ba58e4c0
- name: github.com/kr/pretty
  version: e6ac2fc51e89a3249e82157fa0bb7a18ef9dd5bb
- name: github.com/kr/pty
  version: f7ee69f31298ecbe5d2b349c711e2547a617d398
  repo: https://github.com/kr/pty
- name: github.com/kr/text
  version: bb797dc4fb8320488f47bf11de07a733d7233e1f
- name: github.com/magiconair/properties
  version: 84ea5e93a95c5e0115f3a4f3e141448584f48f37
- name: github.com/mitchellh/mapstructure
  version: 281073eb9eb092240d33ef253c404f1cca550309
- name: github.com/spf13/cast
  version: ee815aaf958c707ad07547cd62150d973710f747
- name: github.com/spf13/jwalterweatherman
  version: c2aa07df593850a04644d77bb757d002e517a296
- name: github.com/spf13/pflag
  version: 08b1a584251b5b62f458943640fc8ebd4d50aaa5
- name: github.com/spf13/viper
  version: 90b31f671fffe7d5076beaa832a778ea9ba007f3
- name: github.com/tent/http-link-go
  version: ac974c61c2f990f4115b119354b5e0b47550e888
- name: github.com/ugorji/go
  version: cd43bdd6be4b5675a0d1e75c4af55ee1dc0d9c5e
- name: github.com/xordataexchange/crypt
  version: 749e360c8f236773f28fc6d3ddfce4a470795227
- name: golang.org/x/crypto
  version: 7b85b097bf7527677d54d3220065e966a0e3b613
- name: golang.org/x/net
  version: d75b1902409c457a51e4bd1895031872c370983a
- name: golang.org/x/oauth2
  version: 2baa8a1b9338cf13d9eeb27696d761155fa480be
- name: golang.org/x/text
  version: 87ad79f47ac96edbf2568691d123d113fd7ac535
  repo: https://golang.org/x/text
- name: google.golang.org/api
  version: 80b32e23dd3e75da09373e0566232a3fe91ec43e
  repo: https://google.golang.org/api
- name: google.golang.org/appengine
  version: 7bed6a18ea6f00deda4ea0b2797f715c7c555a6c
  repo: https://google.golang.org/appengine
- name: google.golang.org/cloud
  version: ec5efcc6a7862ae410e34d8de21fdec12e367732
  repo: https://google.golang.org/cloud
- name: google.golang.org/grpc
  version: 3463c93e2ba1a80e3372fbf41aaeabe63615ca84
- name: gopkg.in/fsnotify.v1
  version: 2cdd39bd6129c6a49c74fb07fb9d77ba1271c572
  repo: https://gopkg.in/fsnotify.v1
- name: gopkg.in/yaml.v2
  version: f7716cbe52baa25d2e9b0d0da546fcf909fc16b4
devImports: []
