# This file is autogenerated, do not edit; changes may be undone by the next 'dep ensure'.


[[projects]]
  name = "github.com/blang/semver"
  packages = ["."]
  revision = "aea32c919a18e5ef4537bbd283ff29594b1b0165"
  version = "v3.1.0"

[[projects]]
  name = "github.com/cpuguy83/go-md2man"
  packages = ["md2man"]
  revision = "2724a9c9051aa62e9cca11304e7dd518e9e41599"
  version = "v1.0.5"

[[projects]]
  name = "github.com/davecgh/go-spew"
  packages = ["spew"]
  revision = "346938d642f2ec3594ed81d874461961cd0faa76"
  version = "v1.1.0"

[[projects]]
  name = "github.com/digitalocean/godo"
  packages = [
    ".",
    "util"
  ]
  revision = "970b46ffe46bacda668dd58a8a1aba9d775b8895"
  version = "v1.2.0"

[[projects]]
  name = "github.com/dustin/go-humanize"
  packages = ["."]
  revision = "8929fe90cee4b2cb9deb468b51fb34eba64d1bf0"

[[projects]]
  name = "github.com/fatih/color"
  packages = ["."]
  revision = "7a5857db0b2752a436d8461d88c42dea0ee191c0"

[[projects]]
  name = "github.com/fsnotify/fsnotify"
  packages = ["."]
  revision = "c2828203cd70a50dcccfb2761f8b1f8ceef9a8e9"
  version = "v1.4.7"

[[projects]]
  name = "github.com/gobwas/glob"
  packages = [
    ".",
    "match"
  ]
  revision = "3222d377756fc0940b549f57a038bc9ba2716628"

[[projects]]
  name = "github.com/golang/protobuf"
  packages = ["proto"]
  revision = "0dfe8f37844c14cb32c7247925270e0f7ba90973"

[[projects]]
  name = "github.com/google/go-querystring"
  packages = ["query"]
  revision = "2a60fc2ba6c19de80291203597d752e9ba58e4c0"

[[projects]]
  name = "github.com/hashicorp/hcl"
  packages = [
    ".",
    "hcl/ast",
    "hcl/parser",
    "hcl/printer",
    "hcl/scanner",
    "hcl/strconv",
    "hcl/token",
    "json/parser",
    "json/scanner",
    "json/token"
  ]
  revision = "1c284ec98f4b398443cbabb0d9197f7f4cc0077c"

[[projects]]
  name = "github.com/inconshreveable/mousetrap"
  packages = ["."]
  revision = "76626ae9c91c4f2a10f34cad8ce83ea42c93bb75"
  version = "v1.0"

[[projects]]
  branch = "master"
  name = "github.com/kr/fs"
  packages = ["."]
  revision = "2788f0dbd16903de03cb8186e5c7d97b69ad387b"

[[projects]]
  name = "github.com/magiconair/properties"
  packages = ["."]
  revision = "c81f9d71af8f8cba1466501d30326b99a4e56c19"

[[projects]]
  name = "github.com/mattn/go-colorable"
  packages = ["."]
  revision = "9fdad7c47650b7d2e1da50644c1f4ba7f172f252"

[[projects]]
  name = "github.com/mattn/go-isatty"
  packages = ["."]
  revision = "56b76bdf51f7708750eac80fa38b952bb9f32639"

[[projects]]
  branch = "master"
  name = "github.com/mitchellh/ioprogress"
  packages = ["."]
  revision = "8163955264568045f462ae7e2d6d07b2001fc997"

[[projects]]
  name = "github.com/mitchellh/mapstructure"
  packages = ["."]
  revision = "d2dd0262208475919e1a362f675cfc0e7c10e905"

[[projects]]
  name = "github.com/natefinch/pie"
  packages = ["."]
  revision = "6059396cf8c679e5b6a7c82378e4623ca62f91ff"

[[projects]]
  name = "github.com/pborman/uuid"
  packages = ["."]
  revision = "c55201b036063326c5b1b89ccfe45a184973d073"

[[projects]]
  name = "github.com/pelletier/go-toml"
  packages = ["."]
  revision = "acdc4509485b587f5e675510c4f2c63e90ff68a8"
  version = "v1.1.0"

[[projects]]
  name = "github.com/pkg/sftp"
  packages = ["."]
  revision = "e84cc8c755ca39b7b64f510fe1fffc1b51f210a5"

[[projects]]
  name = "github.com/pmezard/go-difflib"
  packages = ["difflib"]
  revision = "792786c7400a136282c1664665ae0a8db921c6c2"
  version = "v1.0.0"

[[projects]]
  name = "github.com/russross/blackfriday"
  packages = ["."]
  revision = "006144af03eeeff1037240a71865a9fd61f1c25f"

[[projects]]
  branch = "master"
  name = "github.com/shiena/ansicolor"
  packages = ["."]
  revision = "a422bbe96644373c5753384a59d678f7d261ff10"

[[projects]]
  name = "github.com/shurcooL/sanitized_anchor_name"
  packages = ["."]
  revision = "10ef21a441db47d8b13ebcc5fd2310f636973c77"

[[projects]]
  name = "github.com/spf13/afero"
  packages = [
    ".",
    "mem",
    "sftp"
  ]
  revision = "28789ef4b78c82371d454bb13c56ef641bf50c6e"

[[projects]]
  name = "github.com/spf13/cast"
  packages = ["."]
  revision = "8965335b8c7107321228e3e3702cab9832751bac"
  version = "v1.2.0"

[[projects]]
  name = "github.com/spf13/cobra"
  packages = [
    ".",
    "doc"
  ]
  revision = "65a708cee0a4424f4e353d031ce440643e312f92"

[[projects]]
  name = "github.com/spf13/jwalterweatherman"
  packages = ["."]
  revision = "d00654080cddbd2b082acaa74007cb94a2b40866"

[[projects]]
  name = "github.com/spf13/pflag"
  packages = ["."]
  revision = "7f60f83a2c81bc3c3c0d5297f61ddfa68da9d3b7"

[[projects]]
  name = "github.com/spf13/viper"
  packages = ["."]
  revision = "b5e8006cbee93ec955a89ab31e0e3ce3204f3736"
  version = "v1.0.2"

[[projects]]
  branch = "master"
  name = "github.com/stretchr/objx"
  packages = ["."]
  revision = "1a9d0bb9f541897e62256577b352fdbc1fb4fd94"

[[projects]]
  name = "github.com/stretchr/testify"
  packages = [
    "assert",
    "mock"
  ]
  revision = "4d4bfba8f1d1027c4fdbe371823030df51419987"

[[projects]]
  branch = "master"
  name = "github.com/tent/http-link-go"
  packages = ["."]
  revision = "ac974c61c2f990f4115b119354b5e0b47550e888"

[[projects]]
  name = "golang.org/x/crypto"
  packages = [
    "curve25519",
    "ssh",
    "ssh/agent",
    "ssh/terminal"
  ]
  revision = "1f22c0103821b9390939b6776727195525381532"

[[projects]]
  name = "golang.org/x/net"
  packages = ["context"]
  revision = "cbbbe2bc0f2efdd2afb318d93f1eadb19350e4a3"

[[projects]]
  name = "golang.org/x/oauth2"
  packages = [
    ".",
    "internal"
  ]
  revision = "8a57ed94ffd43444c0879fe75701732a38afc985"

[[projects]]
  branch = "master"
  name = "golang.org/x/sys"
  packages = ["unix"]
  revision = "ebfc5b4631820b793c9010c87fd8fef0f39eb082"

[[projects]]
  name = "golang.org/x/text"
  packages = [
    "internal/gen",
    "internal/triegen",
    "internal/ucd",
    "transform",
    "unicode/cldr",
    "unicode/norm"
  ]
  revision = "07b9a78963006a15c538ec5175243979025fa7a8"

[[projects]]
  name = "google.golang.org/appengine"
  packages = [
    "internal",
    "internal/base",
    "internal/datastore",
    "internal/log",
    "internal/remote_api",
    "internal/urlfetch",
    "urlfetch"
  ]
  revision = "6a436539be38c296a8075a871cc536686b458371"

[[projects]]
  branch = "v2"
  name = "gopkg.in/yaml.v2"
  packages = ["."]
  revision = "f7716cbe52baa25d2e9b0d0da546fcf909fc16b4"

[solve-meta]
  analyzer-name = "dep"
  analyzer-version = 1
  inputs-digest = "24938c14fd5830cda7bae547517c8b3f73db92d028b20e2551b49878d6556ce7"
  solver-name = "gps-cdcl"
  solver-version = 1
